lockVersion: 2.0.0
id: 986026b6-d725-4b86-9c4d-67f6e6904a30
management:
  docChecksum: d1d281c714996d3d8fc74912caace9c3
  docVersion: "2018-02-08"
  speakeasyVersion: 1.297.0
  generationVersion: 2.338.1
  releaseVersion: 3.4.4
  configChecksum: 9db54534dbc6c0ef9c60596c0748a0b1
  repoURL: https://github.com/goshippo/shippo-python-sdk.git
  installationURL: https://github.com/goshippo/shippo-python-sdk.git
  published: true
features:
  python:
    additionalDependencies: 0.1.0
    constsAndDefaults: 0.1.3
    core: 4.6.8
    flattening: 2.81.1
    globalSecurity: 2.83.5
    globalSecurityCallbacks: 0.1.0
    globalSecurityFlattening: 0.1.0
    globalServerURLs: 2.82.2
    globals: 2.82.1
    hiddenGlobals: 0.1.0
    includes: 2.81.1
    nameOverrides: 2.81.2
    responseFormat: 0.1.0
    sdkHooks: 0.1.0
    unions: 2.82.7
generatedFiles:
  - src/shippo/sdkconfiguration.py
  - src/shippo/addresses.py
  - src/shippo/batches.py
  - src/shippo/carrier_accounts.py
  - src/shippo/customs_declarations.py
  - src/shippo/customs_items.py
  - src/shippo/rates_at_checkout.py
  - src/shippo/manifests.py
  - src/shippo/orders.py
  - src/shippo/carrier_parcel_templates.py
  - src/shippo/parcels.py
  - src/shippo/pickups.py
  - src/shippo/rates.py
  - src/shippo/refunds.py
  - src/shippo/service_groups.py
  - src/shippo/shipments.py
  - src/shippo/tracking_status.py
  - src/shippo/transactions.py
  - src/shippo/user_parcel_templates.py
  - src/shippo/shippo_accounts.py
  - src/shippo/sdk.py
  - py.typed
  - pylintrc
  - setup.py
  - src/shippo/__init__.py
  - src/shippo/utils/__init__.py
  - src/shippo/utils/retries.py
  - src/shippo/utils/utils.py
  - src/shippo/models/errors/sdkerror.py
  - src/shippo/models/components/addresspaginatedlist.py
  - src/shippo/models/components/address.py
  - src/shippo/models/components/addressvalidationresults.py
  - src/shippo/models/components/addressvalidationresultsmessage.py
  - src/shippo/models/components/addresscreaterequest.py
  - src/shippo/models/components/batch.py
  - src/shippo/models/components/batchshipmentpaginatedlist.py
  - src/shippo/models/components/batchshipment.py
  - src/shippo/models/components/labelfiletypeenum.py
  - src/shippo/models/components/batchcreaterequest.py
  - src/shippo/models/components/batchshipmentcreaterequest.py
  - src/shippo/models/components/shipmentcreaterequest.py
  - src/shippo/models/components/parcelcreaterequest.py
  - src/shippo/models/components/parceltemplateenumset.py
  - src/shippo/models/components/weightunitenum.py
  - src/shippo/models/components/distanceunitenum.py
  - src/shippo/models/components/customsdeclarationcreaterequest.py
  - src/shippo/models/components/customsdeclarationnondeliveryoptionenum.py
  - src/shippo/models/components/customsitemcreaterequest.py
  - src/shippo/models/components/customsdeclarationincotermenum.py
  - src/shippo/models/components/customsdeclarationeelpfcenum.py
  - src/shippo/models/components/customsdeclarationcontentstypeenum.py
  - src/shippo/models/components/addressimporter.py
  - src/shippo/models/components/customsdeclarationb13afilingoptionenum.py
  - src/shippo/models/components/shipmentextra.py
  - src/shippo/models/components/upsreferencefields.py
  - src/shippo/models/components/rmanumber.py
  - src/shippo/models/components/ponumber.py
  - src/shippo/models/components/invoicenumber.py
  - src/shippo/models/components/insurance.py
  - src/shippo/models/components/dryice.py
  - src/shippo/models/components/departmentnumber.py
  - src/shippo/models/components/dangerousgoodsobject.py
  - src/shippo/models/components/dangerousgoodslithiumbatteries.py
  - src/shippo/models/components/dangerousgoodsbiologicalmaterial.py
  - src/shippo/models/components/customerreference.py
  - src/shippo/models/components/cod.py
  - src/shippo/models/components/billing.py
  - src/shippo/models/components/alcohol.py
  - src/shippo/models/components/carrieraccountpaginatedlist.py
  - src/shippo/models/components/carrieraccountwithextrainfo.py
  - src/shippo/models/components/carrieraccountservicelevel.py
  - src/shippo/models/components/fedexconnectexistingownaccountparameters.py
  - src/shippo/models/components/upsconnectexistingownaccountparameters.py
  - src/shippo/models/components/carriersenum.py
  - src/shippo/models/components/carrieraccount.py
  - src/shippo/models/components/connectexistingownaccountrequest.py
  - src/shippo/models/components/carrieraccountbase.py
  - src/shippo/models/components/carrieraccountcanadapostcreaterequest.py
  - src/shippo/models/components/carrieraccountcanadapostcreateparameters.py
  - src/shippo/models/components/carrieraccountchronopostcreaterequest.py
  - src/shippo/models/components/carrieraccountcolissimocreaterequest.py
  - src/shippo/models/components/carrieraccountcorreoscreaterequest.py
  - src/shippo/models/components/carrieraccountdeutschepostcreaterequest.py
  - src/shippo/models/components/carrieraccountdhlexpresscreaterequest.py
  - src/shippo/models/components/carrieraccountdhlexpresscreaterequestparameters.py
  - src/shippo/models/components/carrieraccountdpddecreaterequest.py
  - src/shippo/models/components/carrieraccountdpdukcreaterequest.py
  - src/shippo/models/components/carrieraccountfedexcreaterequest.py
  - src/shippo/models/components/carrieraccounthermesukcreaterequest.py
  - src/shippo/models/components/carrieraccountmondialrelaycreaterequest.py
  - src/shippo/models/components/carrieraccountposteitalianecreaterequest.py
  - src/shippo/models/components/carrieraccountupscreaterequest.py
  - src/shippo/models/components/carrieraccountupscreaterequestparameters.py
  - src/shippo/models/components/carrieraccountuspscreaterequest.py
  - src/shippo/models/components/carrieraccountregistrationstatus.py
  - src/shippo/models/components/customsdeclarationpaginatedlist.py
  - src/shippo/models/components/customsdeclaration.py
  - src/shippo/models/components/objectstateenum.py
  - src/shippo/models/components/customsinvoicedcharges.py
  - src/shippo/models/components/customsexporteridentification.py
  - src/shippo/models/components/customstaxidentification.py
  - src/shippo/models/components/customsitempaginatedlist.py
  - src/shippo/models/components/customsitem.py
  - src/shippo/models/components/liveratepaginatedlist.py
  - src/shippo/models/components/liverate.py
  - src/shippo/models/components/liveratecreaterequest.py
  - src/shippo/models/components/parcel.py
  - src/shippo/models/components/parcelextra.py
  - src/shippo/models/components/parcelinsurance.py
  - src/shippo/models/components/lineitem.py
  - src/shippo/models/components/addresscompletecreaterequest.py
  - src/shippo/models/components/defaultparceltemplate.py
  - src/shippo/models/components/userparceltemplate.py
  - src/shippo/models/components/carrierparceltemplate.py
  - src/shippo/models/components/defaultparceltemplateupdaterequest.py
  - src/shippo/models/components/manifestpaginatedlist.py
  - src/shippo/models/components/manifest.py
  - src/shippo/models/components/manifestcreaterequest.py
  - src/shippo/models/components/orderpaginatedlist.py
  - src/shippo/models/components/order.py
  - src/shippo/models/components/orderstatusenum.py
  - src/shippo/models/components/ordercreaterequest.py
  - src/shippo/models/components/lineitembase.py
  - src/shippo/models/components/carrierparceltemplatelist.py
  - src/shippo/models/components/parcelpaginatedlist.py
  - src/shippo/models/components/parcelrequest.py
  - src/shippo/models/components/pickup.py
  - src/shippo/models/components/location.py
  - src/shippo/models/components/pickupbase.py
  - src/shippo/models/components/rate.py
  - src/shippo/models/components/servicelevelwithparent.py
  - src/shippo/models/components/responsemessage.py
  - src/shippo/models/components/ratepaginatedlist.py
  - src/shippo/models/components/refund.py
  - src/shippo/models/components/refundrequestbody.py
  - src/shippo/models/components/refundpaginatedlist.py
  - src/shippo/models/components/servicegroup.py
  - src/shippo/models/components/servicegrouptypeenum.py
  - src/shippo/models/components/servicegroupcreaterequest.py
  - src/shippo/models/components/servicegroupaccountandservicelevel.py
  - src/shippo/models/components/servicegroupupdaterequest.py
  - src/shippo/models/components/shipmentpaginatedlist.py
  - src/shippo/models/components/shipment.py
  - src/shippo/models/components/track.py
  - src/shippo/models/components/trackingstatus.py
  - src/shippo/models/components/trackingstatussubstatus.py
  - src/shippo/models/components/trackingstatusenum.py
  - src/shippo/models/components/trackingstatuslocationbase.py
  - src/shippo/models/components/tracksrequest.py
  - src/shippo/models/components/transactionpaginatedlist.py
  - src/shippo/models/components/transaction.py
  - src/shippo/models/components/transactionstatusenum.py
  - src/shippo/models/components/transactioncreateresponse.py
  - src/shippo/models/components/instanttransactioncreateresponse.py
  - src/shippo/models/components/instanttransactionrate.py
  - src/shippo/models/components/transactioncreaterequest.py
  - src/shippo/models/components/instanttransactioncreaterequest.py
  - src/shippo/models/components/userparceltemplatelist.py
  - src/shippo/models/components/userparceltemplatecreaterequest.py
  - src/shippo/models/components/userparceltemplatewithcarriertemplatecreaterequest.py
  - src/shippo/models/components/userparceltemplatewithoutcarriertemplatecreaterequest.py
  - src/shippo/models/components/userparceltemplateupdaterequest.py
  - src/shippo/models/components/shippoaccountpaginatedlist.py
  - src/shippo/models/components/shippoaccount.py
  - src/shippo/models/components/shippoaccountupdaterequest.py
  - src/shippo/models/components/security.py
  - src/shippo/models/components/servicelevel.py
  - src/shippo/models/components/servicelevelenumset.py
  - src/shippo/models/operations/listaddresses.py
  - src/shippo/models/operations/getaddress.py
  - src/shippo/models/operations/validateaddress.py
  - src/shippo/models/operations/getbatch.py
  - src/shippo/models/operations/addshipmentstobatch.py
  - src/shippo/models/operations/purchasebatch.py
  - src/shippo/models/operations/removeshipmentsfrombatch.py
  - src/shippo/models/operations/listcarrieraccounts.py
  - src/shippo/models/operations/getcarrieraccount.py
  - src/shippo/models/operations/updatecarrieraccount.py
  - src/shippo/models/operations/initiateoauth2signin.py
  - src/shippo/models/operations/registercarrieraccount.py
  - src/shippo/models/operations/getcarrierregistrationstatus.py
  - src/shippo/models/operations/listcustomsdeclarations.py
  - src/shippo/models/operations/getcustomsdeclaration.py
  - src/shippo/models/operations/listcustomsitems.py
  - src/shippo/models/operations/getcustomsitem.py
  - src/shippo/models/operations/getdefaultparceltemplate.py
  - src/shippo/models/operations/deletedefaultparceltemplate.py
  - src/shippo/models/operations/listmanifests.py
  - src/shippo/models/operations/getmanifest.py
  - src/shippo/models/operations/listorders.py
  - src/shippo/models/operations/getorder.py
  - src/shippo/models/operations/listcarrierparceltemplates.py
  - src/shippo/models/operations/getcarrierparceltemplate.py
  - src/shippo/models/operations/listparcels.py
  - src/shippo/models/operations/getparcel.py
  - src/shippo/models/operations/getrate.py
  - src/shippo/models/operations/listshipmentrates.py
  - src/shippo/models/operations/listshipmentratesbycurrencycode.py
  - src/shippo/models/operations/listrefunds.py
  - src/shippo/models/operations/getrefund.py
  - src/shippo/models/operations/listservicegroups.py
  - src/shippo/models/operations/deleteservicegroup.py
  - src/shippo/models/operations/listshipments.py
  - src/shippo/models/operations/getshipment.py
  - src/shippo/models/operations/gettrack.py
  - src/shippo/models/operations/listtransactions.py
  - src/shippo/models/operations/createtransaction.py
  - src/shippo/models/operations/gettransaction.py
  - src/shippo/models/operations/listuserparceltemplates.py
  - src/shippo/models/operations/deleteuserparceltemplate.py
  - src/shippo/models/operations/getuserparceltemplate.py
  - src/shippo/models/operations/updateuserparceltemplate.py
  - src/shippo/models/operations/listshippoaccounts.py
  - src/shippo/models/operations/getshippoaccount.py
  - src/shippo/models/operations/updateshippoaccount.py
  - src/shippo/models/operations/createaddress.py
  - src/shippo/models/operations/createbatch.py
  - src/shippo/models/operations/createcarrieraccount.py
  - src/shippo/models/operations/createcustomsdeclaration.py
  - src/shippo/models/operations/createcustomsitem.py
  - src/shippo/models/operations/createliverate.py
  - src/shippo/models/operations/updatedefaultparceltemplate.py
  - src/shippo/models/operations/createmanifest.py
  - src/shippo/models/operations/createorder.py
  - src/shippo/models/operations/createparcel.py
  - src/shippo/models/operations/createpickup.py
  - src/shippo/models/operations/createrefund.py
  - src/shippo/models/operations/createservicegroup.py
  - src/shippo/models/operations/updateservicegroup.py
  - src/shippo/models/operations/createshipment.py
  - src/shippo/models/operations/createtrack.py
  - src/shippo/models/operations/createuserparceltemplate.py
  - src/shippo/models/operations/createshippoaccount.py
  - src/shippo/models/errors/initiateoauth2signin.py
  - src/shippo/models/internal/globals.py
  - src/shippo/models/__init__.py
  - src/shippo/models/errors/__init__.py
  - src/shippo/models/components/__init__.py
  - src/shippo/models/operations/__init__.py
  - src/shippo/models/internal/__init__.py
  - docs/models/components/addresspaginatedlist.md
  - docs/models/components/address.md
  - docs/models/components/addressvalidationresults.md
  - docs/models/components/code.md
  - docs/models/components/source.md
  - docs/models/components/addressvalidationresultsmessage.md
  - docs/models/components/addresscreaterequest.md
  - docs/models/components/objectresults.md
  - docs/models/components/batchstatus.md
  - docs/models/components/batch.md
  - docs/models/components/batchshipmentpaginatedlist.md
  - docs/models/components/status.md
  - docs/models/components/batchshipment.md
  - docs/models/components/labelfiletypeenum.md
  - docs/models/components/batchcreaterequest.md
  - docs/models/components/batchshipmentcreaterequest.md
  - docs/models/components/addressfrom.md
  - docs/models/components/addressreturn.md
  - docs/models/components/addressto.md
  - docs/models/components/shipmentcreaterequestcustomsdeclaration.md
  - docs/models/components/parcels.md
  - docs/models/components/shipmentcreaterequest.md
  - docs/models/components/parcelcreaterequest.md
  - docs/models/components/parceltemplatearamexaustraliaenum.md
  - docs/models/components/parceltemplatecourierspleaseenum.md
  - docs/models/components/parceltemplatedpdukenum.md
  - docs/models/components/parceltemplatedhlecommerceenum.md
  - docs/models/components/parceltemplateuspsenum.md
  - docs/models/components/parceltemplateupsenum.md
  - docs/models/components/parceltemplatefedexenum.md
  - docs/models/components/parceltemplateenumset.md
  - docs/models/components/weightunitenum.md
  - docs/models/components/distanceunitenum.md
  - docs/models/components/customsdeclarationcreaterequest.md
  - docs/models/components/customsdeclarationnondeliveryoptionenum.md
  - docs/models/components/customsitemcreaterequest.md
  - docs/models/components/customsdeclarationincotermenum.md
  - docs/models/components/customsdeclarationeelpfcenum.md
  - docs/models/components/customsdeclarationcontentstypeenum.md
  - docs/models/components/addressimporter.md
  - docs/models/components/customsdeclarationb13afilingoptionenum.md
  - docs/models/components/ancillaryendorsement.md
  - docs/models/components/dangerousgoodscode.md
  - docs/models/components/lasershipattrs.md
  - docs/models/components/preferreddeliverytimeframe.md
  - docs/models/components/returnservicetype.md
  - docs/models/components/signatureconfirmation.md
  - docs/models/components/shipmentextra.md
  - docs/models/components/upsreferencefields.md
  - docs/models/components/rmanumber.md
  - docs/models/components/ponumber.md
  - docs/models/components/invoicenumber.md
  - docs/models/components/provider.md
  - docs/models/components/insurance.md
  - docs/models/components/dryice.md
  - docs/models/components/departmentnumber.md
  - docs/models/components/dangerousgoodsobject.md
  - docs/models/components/dangerousgoodslithiumbatteries.md
  - docs/models/components/dangerousgoodsbiologicalmaterial.md
  - docs/models/components/customerreference.md
  - docs/models/components/paymentmethod.md
  - docs/models/components/cod.md
  - docs/models/components/type.md
  - docs/models/components/billing.md
  - docs/models/components/recipienttype.md
  - docs/models/components/alcohol.md
  - docs/models/components/carrieraccountpaginatedlist.md
  - docs/models/components/parameters.md
  - docs/models/components/carrieraccountwithextrainfotype.md
  - docs/models/components/carrieraccountwithextrainfostatus.md
  - docs/models/components/authentication.md
  - docs/models/components/objectinfo.md
  - docs/models/components/carrieraccountwithextrainfo.md
  - docs/models/components/carrieraccountservicelevel.md
  - docs/models/components/fedexconnectexistingownaccountparameters.md
  - docs/models/components/upsconnectexistingownaccountparameters.md
  - docs/models/components/carriersenum.md
  - docs/models/components/carrieraccountparameters.md
  - docs/models/components/carrieraccount.md
  - docs/models/components/connectexistingownaccountrequestparameters.md
  - docs/models/components/connectexistingownaccountrequest.md
  - docs/models/components/carrieraccountbaseparameters.md
  - docs/models/components/carrieraccountbase.md
  - docs/models/components/carrieraccountcanadapostcreaterequest.md
  - docs/models/components/carrieraccountcanadapostcreateparameters.md
  - docs/models/components/carrieraccountchronopostcreaterequestparameters.md
  - docs/models/components/carrieraccountchronopostcreaterequest.md
  - docs/models/components/carrieraccountcolissimocreaterequestparameters.md
  - docs/models/components/carrieraccountcolissimocreaterequest.md
  - docs/models/components/carrieraccountcorreoscreaterequestparameters.md
  - docs/models/components/carrieraccountcorreoscreaterequest.md
  - docs/models/components/carrieraccountdeutschepostcreaterequestparameters.md
  - docs/models/components/carrieraccountdeutschepostcreaterequest.md
  - docs/models/components/carrieraccountdhlexpresscreaterequest.md
  - docs/models/components/carrieraccountdhlexpresscreaterequestparameters.md
  - docs/models/components/carrieraccountdpddecreaterequestparameters.md
  - docs/models/components/carrieraccountdpddecreaterequest.md
  - docs/models/components/carrieraccountdpdukcreaterequestparameters.md
  - docs/models/components/carrieraccountdpdukcreaterequest.md
  - docs/models/components/carrieraccountfedexcreaterequestparameters.md
  - docs/models/components/carrieraccountfedexcreaterequest.md
  - docs/models/components/carrieraccounthermesukcreaterequestparameters.md
  - docs/models/components/carrieraccounthermesukcreaterequest.md
  - docs/models/components/carrieraccountmondialrelaycreaterequestparameters.md
  - docs/models/components/carrieraccountmondialrelaycreaterequest.md
  - docs/models/components/carrieraccountposteitalianecreaterequestparameters.md
  - docs/models/components/carrieraccountposteitalianecreaterequest.md
  - docs/models/components/carrieraccountupscreaterequest.md
  - docs/models/components/carrieraccountupscreaterequestparameters.md
  - docs/models/components/carrieraccountuspscreaterequestparameters.md
  - docs/models/components/carrieraccountuspscreaterequest.md
  - docs/models/components/carrieraccountregistrationstatus.md
  - docs/models/components/customsdeclarationpaginatedlist.md
  - docs/models/components/customsdeclarationaddressimporter.md
  - docs/models/components/customsdeclaration.md
  - docs/models/components/objectstateenum.md
  - docs/models/components/customsinvoicedcharges.md
  - docs/models/components/customsexporteridentification.md
  - docs/models/components/customstaxidentificationtype.md
  - docs/models/components/customstaxidentification.md
  - docs/models/components/customsitempaginatedlist.md
  - docs/models/components/customsitem.md
  - docs/models/components/liveratepaginatedlist.md
  - docs/models/components/liverate.md
  - docs/models/components/liveratecreaterequestaddressfrom.md
  - docs/models/components/liveratecreaterequestaddressto.md
  - docs/models/components/liveratecreaterequestparcel.md
  - docs/models/components/liveratecreaterequest.md
  - docs/models/components/objectstate.md
  - docs/models/components/parcel.md
  - docs/models/components/parcelextra.md
  - docs/models/components/parcelinsuranceprovider.md
  - docs/models/components/parcelinsurance.md
  - docs/models/components/lineitem.md
  - docs/models/components/addresscompletecreaterequest.md
  - docs/models/components/defaultparceltemplate.md
  - docs/models/components/userparceltemplate.md
  - docs/models/components/carrierparceltemplate.md
  - docs/models/components/defaultparceltemplateupdaterequest.md
  - docs/models/components/manifestpaginatedlist.md
  - docs/models/components/manifeststatus.md
  - docs/models/components/manifest.md
  - docs/models/components/manifestcreaterequestaddressfrom.md
  - docs/models/components/manifestcreaterequest.md
  - docs/models/components/orderpaginatedlist.md
  - docs/models/components/shopapp.md
  - docs/models/components/order.md
  - docs/models/components/orderstatusenum.md
  - docs/models/components/ordercreaterequest.md
  - docs/models/components/lineitembase.md
  - docs/models/components/carrierparceltemplatelist.md
  - docs/models/components/parcelpaginatedlist.md
  - docs/models/components/parcelrequest.md
  - docs/models/components/pickupstatus.md
  - docs/models/components/pickup.md
  - docs/models/components/buildinglocationtype.md
  - docs/models/components/buildingtype.md
  - docs/models/components/location.md
  - docs/models/components/pickupbase.md
  - docs/models/components/attributes.md
  - docs/models/components/rate.md
  - docs/models/components/parentservicelevel.md
  - docs/models/components/servicelevelwithparent.md
  - docs/models/components/responsemessage.md
  - docs/models/components/ratepaginatedlist.md
  - docs/models/components/refundstatus.md
  - docs/models/components/refund.md
  - docs/models/components/refundrequestbody.md
  - docs/models/components/refundpaginatedlist.md
  - docs/models/components/servicegroup.md
  - docs/models/components/servicegrouptypeenum.md
  - docs/models/components/servicegroupcreaterequest.md
  - docs/models/components/servicegroupaccountandservicelevel.md
  - docs/models/components/servicegroupupdaterequest.md
  - docs/models/components/shipmentpaginatedlist.md
  - docs/models/components/shipmentstatus.md
  - docs/models/components/shipment.md
  - docs/models/components/track.md
  - docs/models/components/trackingstatus.md
  - docs/models/components/trackingstatussubstatus.md
  - docs/models/components/trackingstatusenum.md
  - docs/models/components/trackingstatuslocationbase.md
  - docs/models/components/tracksrequest.md
  - docs/models/components/transactionpaginatedlist.md
  - docs/models/components/responsetype.md
  - docs/models/components/transaction.md
  - docs/models/components/transactionstatusenum.md
  - docs/models/components/transactioncreateresponse.md
  - docs/models/components/instanttransactioncreateresponseresponsetype.md
  - docs/models/components/instanttransactioncreateresponse.md
  - docs/models/components/instanttransactionrate.md
  - docs/models/components/transactioncreaterequest.md
  - docs/models/components/labelfiletype.md
  - docs/models/components/instanttransactioncreaterequest.md
  - docs/models/components/userparceltemplatelist.md
  - docs/models/components/userparceltemplatecreaterequest.md
  - docs/models/components/userparceltemplatewithcarriertemplatecreaterequest.md
  - docs/models/components/userparceltemplatewithoutcarriertemplatecreaterequest.md
  - docs/models/components/userparceltemplateupdaterequest.md
  - docs/models/components/shippoaccountpaginatedlist.md
  - docs/models/components/shippoaccount.md
  - docs/models/components/shippoaccountupdaterequest.md
  - docs/models/components/security.md
  - docs/models/components/servicelevel.md
  - docs/models/components/servicelevelswyftenum.md
  - docs/models/components/servicelevelvehoenum.md
  - docs/models/components/serviceleveludsenum.md
  - docs/models/components/servicelevelevriukenum.md
  - docs/models/components/servicelevellasershipenum.md
  - docs/models/components/servicelevelontracenum.md
  - docs/models/components/servicelevelsendleenum.md
  - docs/models/components/servicelevelroyalmailenum.md
  - docs/models/components/servicelevelepostglobalenum.md
  - docs/models/components/servicelevelpostitalianeenum.md
  - docs/models/components/servicelevelparcelforceenum.md
  - docs/models/components/servicelevelmaergoenum.md
  - docs/models/components/servicelevelmondialrelayenum.md
  - docs/models/components/servicelevellsoenum.md
  - docs/models/components/servicelevelglsusenum.md
  - docs/models/components/servicelevelglobegisticsenum.md
  - docs/models/components/servicelevelaramexaustraliaenum.md
  - docs/models/components/serviceleveldeutschepostenum.md
  - docs/models/components/serviceleveldpdukenum.md
  - docs/models/components/serviceleveldpddeenum.md
  - docs/models/components/serviceleveldhlgermanyenum.md
  - docs/models/components/serviceleveldhlecommerceenum.md
  - docs/models/components/serviceleveldhlexpressenum.md
  - docs/models/components/servicelevelpurolatorenum.md
  - docs/models/components/servicelevelcolissimoenum.md
  - docs/models/components/servicelevelcorreosespanaenum.md
  - docs/models/components/servicelevelcourierspleaseenum.md
  - docs/models/components/servicelevelchronopostenum.md
  - docs/models/components/servicelevelcdlenum.md
  - docs/models/components/servicelevelcanadapostenum.md
  - docs/models/components/servicelevelbettertrucksenum.md
  - docs/models/components/servicelevelapgenum.md
  - docs/models/components/servicelevelaxlehireenum.md
  - docs/models/components/servicelevelaustraliapostenum.md
  - docs/models/components/servicelevelasendiaenum.md
  - docs/models/components/servicelevelapcpostalenum.md
  - docs/models/components/servicelevelairterraenum.md
  - docs/models/components/servicelevelupsenum.md
  - docs/models/components/servicelevelfedexenum.md
  - docs/models/components/serviceleveluspsenum.md
  - docs/models/components/servicelevelenumset.md
  - docs/models/operations/listaddressesglobals.md
  - docs/models/operations/listaddressesrequest.md
  - docs/models/operations/getaddressglobals.md
  - docs/models/operations/getaddressrequest.md
  - docs/models/operations/validateaddressglobals.md
  - docs/models/operations/validateaddressrequest.md
  - docs/models/operations/getbatchglobals.md
  - docs/models/operations/getbatchrequest.md
  - docs/models/operations/addshipmentstobatchglobals.md
  - docs/models/operations/addshipmentstobatchrequest.md
  - docs/models/operations/purchasebatchglobals.md
  - docs/models/operations/purchasebatchrequest.md
  - docs/models/operations/removeshipmentsfrombatchglobals.md
  - docs/models/operations/removeshipmentsfrombatchrequest.md
  - docs/models/operations/listcarrieraccountsglobals.md
  - docs/models/operations/listcarrieraccountsrequest.md
  - docs/models/operations/getcarrieraccountglobals.md
  - docs/models/operations/getcarrieraccountrequest.md
  - docs/models/operations/updatecarrieraccountglobals.md
  - docs/models/operations/updatecarrieraccountrequest.md
  - docs/models/operations/initiateoauth2signinglobals.md
  - docs/models/operations/initiateoauth2signinrequest.md
  - docs/models/operations/initiateoauth2signinresponse.md
  - docs/models/operations/registercarrieraccountglobals.md
  - docs/models/operations/registercarrieraccountrequestbody.md
  - docs/models/operations/getcarrierregistrationstatusglobals.md
  - docs/models/operations/carrier.md
  - docs/models/operations/getcarrierregistrationstatusrequest.md
  - docs/models/operations/listcustomsdeclarationsglobals.md
  - docs/models/operations/listcustomsdeclarationsrequest.md
  - docs/models/operations/getcustomsdeclarationglobals.md
  - docs/models/operations/getcustomsdeclarationrequest.md
  - docs/models/operations/listcustomsitemsglobals.md
  - docs/models/operations/listcustomsitemsrequest.md
  - docs/models/operations/getcustomsitemglobals.md
  - docs/models/operations/getcustomsitemrequest.md
  - docs/models/operations/getdefaultparceltemplateglobals.md
  - docs/models/operations/getdefaultparceltemplaterequest.md
  - docs/models/operations/deletedefaultparceltemplateglobals.md
  - docs/models/operations/deletedefaultparceltemplaterequest.md
  - docs/models/operations/listmanifestsglobals.md
  - docs/models/operations/listmanifestsrequest.md
  - docs/models/operations/getmanifestglobals.md
  - docs/models/operations/getmanifestrequest.md
  - docs/models/operations/listordersglobals.md
  - docs/models/operations/listordersrequest.md
  - docs/models/operations/getorderglobals.md
  - docs/models/operations/getorderrequest.md
  - docs/models/operations/listcarrierparceltemplatesglobals.md
  - docs/models/operations/include.md
  - docs/models/operations/listcarrierparceltemplatesrequest.md
  - docs/models/operations/getcarrierparceltemplateglobals.md
  - docs/models/operations/getcarrierparceltemplaterequest.md
  - docs/models/operations/listparcelsglobals.md
  - docs/models/operations/listparcelsrequest.md
  - docs/models/operations/getparcelglobals.md
  - docs/models/operations/getparcelrequest.md
  - docs/models/operations/getrateglobals.md
  - docs/models/operations/getraterequest.md
  - docs/models/operations/listshipmentratesglobals.md
  - docs/models/operations/listshipmentratesrequest.md
  - docs/models/operations/listshipmentratesbycurrencycodeglobals.md
  - docs/models/operations/listshipmentratesbycurrencycoderequest.md
  - docs/models/operations/listrefundsglobals.md
  - docs/models/operations/listrefundsrequest.md
  - docs/models/operations/getrefundglobals.md
  - docs/models/operations/getrefundrequest.md
  - docs/models/operations/listservicegroupsglobals.md
  - docs/models/operations/listservicegroupsrequest.md
  - docs/models/operations/deleteservicegroupglobals.md
  - docs/models/operations/deleteservicegrouprequest.md
  - docs/models/operations/listshipmentsglobals.md
  - docs/models/operations/listshipmentsrequest.md
  - docs/models/operations/getshipmentglobals.md
  - docs/models/operations/getshipmentrequest.md
  - docs/models/operations/gettrackglobals.md
  - docs/models/operations/gettrackrequest.md
  - docs/models/operations/listtransactionsglobals.md
  - docs/models/operations/listtransactionsrequest.md
  - docs/models/operations/createtransactionglobals.md
  - docs/models/operations/createtransactionrequestbody.md
  - docs/models/operations/gettransactionglobals.md
  - docs/models/operations/gettransactionrequest.md
  - docs/models/operations/listuserparceltemplatesglobals.md
  - docs/models/operations/listuserparceltemplatesrequest.md
  - docs/models/operations/deleteuserparceltemplateglobals.md
  - docs/models/operations/deleteuserparceltemplaterequest.md
  - docs/models/operations/getuserparceltemplateglobals.md
  - docs/models/operations/getuserparceltemplaterequest.md
  - docs/models/operations/updateuserparceltemplateglobals.md
  - docs/models/operations/updateuserparceltemplaterequest.md
  - docs/models/operations/listshippoaccountsglobals.md
  - docs/models/operations/listshippoaccountsrequest.md
  - docs/models/operations/getshippoaccountglobals.md
  - docs/models/operations/getshippoaccountrequest.md
  - docs/models/operations/updateshippoaccountglobals.md
  - docs/models/operations/updateshippoaccountrequest.md
  - docs/models/operations/createaddressglobals.md
  - docs/models/operations/createbatchglobals.md
  - docs/models/operations/createcarrieraccountglobals.md
  - docs/models/operations/createcustomsdeclarationglobals.md
  - docs/models/operations/createcustomsitemglobals.md
  - docs/models/operations/createliverateglobals.md
  - docs/models/operations/updatedefaultparceltemplateglobals.md
  - docs/models/operations/createmanifestglobals.md
  - docs/models/operations/createorderglobals.md
  - docs/models/operations/createparcelglobals.md
  - docs/models/operations/createpickupglobals.md
  - docs/models/operations/createrefundglobals.md
  - docs/models/operations/createservicegroupglobals.md
  - docs/models/operations/updateservicegroupglobals.md
  - docs/models/operations/createshipmentglobals.md
  - docs/models/operations/createtrackglobals.md
  - docs/models/operations/createuserparceltemplateglobals.md
  - docs/models/operations/createshippoaccountglobals.md
  - docs/models/errors/initiateoauth2signincarrieraccountsresponseresponsebody.md
  - docs/models/errors/initiateoauth2signincarrieraccountsresponsebody.md
  - docs/models/errors/initiateoauth2signinresponsebody.md
  - docs/models/internal/globals.md
  - docs/sdks/shippo/README.md
  - docs/sdks/addresses/README.md
  - docs/sdks/batches/README.md
  - docs/sdks/carrieraccounts/README.md
  - docs/sdks/customsdeclarations/README.md
  - docs/sdks/customsitems/README.md
  - docs/sdks/ratesatcheckout/README.md
  - docs/sdks/manifests/README.md
  - docs/sdks/orders/README.md
  - docs/sdks/carrierparceltemplates/README.md
  - docs/sdks/parcels/README.md
  - docs/sdks/pickups/README.md
  - docs/sdks/rates/README.md
  - docs/sdks/refunds/README.md
  - docs/sdks/servicegroups/README.md
  - docs/sdks/shipments/README.md
  - docs/sdks/trackingstatus/README.md
  - docs/sdks/transactions/README.md
  - docs/sdks/userparceltemplates/README.md
  - docs/sdks/shippoaccounts/README.md
  - USAGE.md
  - .gitattributes
  - src/shippo/_hooks/sdkhooks.py
  - src/shippo/_hooks/types.py
  - src/shippo/_hooks/__init__.py
