speakeasyVersion: 1.300.1
sources:
    openapi:
        sourceNamespace: openapi
        sourceRevisionDigest: sha256:12304781a60ef6d64b330beff0b636a2241382b8f6318ddefa7b7316917a6650
        sourceBlobDigest: sha256:0fbed0e40d3d9b175fb755434e73ad12688fee97c8afd454f5cee7b8b9cb1b0f
        tags:
            - latest
            - main
targets:
    first-target:
        source: openapi
        sourceNamespace: openapi
        sourceRevisionDigest: sha256:12304781a60ef6d64b330beff0b636a2241382b8f6318ddefa7b7316917a6650
        sourceBlobDigest: sha256:0fbed0e40d3d9b175fb755434e73ad12688fee97c8afd454f5cee7b8b9cb1b0f
        outLocation: /github/workspace/repo
workflow:
    workflowVersion: 1.0.0
    speakeasyVersion: latest
    sources:
        openapi:
            inputs:
                - location: https://docs.goshippo.com/spec/shippoapi/public-api.yaml
            registry:
                location: registry.speakeasyapi.dev/shippo/shippo/openapi
    targets:
        first-target:
            target: python
            source: openapi
            publish:
                pypi:
                    token: $pypi_token
