speakeasyVersion: 1.326.0
sources:
    openapi:
        sourceNamespace: openapi
        sourceRevisionDigest: sha256:0a1d656d0f55687daaebfce57fdeb413d983532bf0404817ed3e7e7d3076d819
        sourceBlobDigest: sha256:ae5100846cdd348a076658b9bd144856681ad8f5d4a6f186cde70208c00459cf
        tags:
            - latest
            - main
targets:
    first-target:
        source: openapi
        sourceNamespace: openapi
        sourceRevisionDigest: sha256:0a1d656d0f55687daaebfce57fdeb413d983532bf0404817ed3e7e7d3076d819
        sourceBlobDigest: sha256:ae5100846cdd348a076658b9bd144856681ad8f5d4a6f186cde70208c00459cf
        outLocation: /github/workspace/repo
workflow:
    workflowVersion: 1.0.0
    speakeasyVersion: latest
    sources:
        openapi:
            inputs:
                - location: https://docs.goshippo.com/spec/shippoapi/public-api.yaml
            registry:
                location: registry.speakeasyapi.dev/shippo/shippo/openapi
    targets:
        first-target:
            target: python
            source: openapi
            publish:
                pypi:
                    token: $pypi_token
